<?xml version="1.0" encoding="UTF-8"?>
<Scheme
   LastUpgradeVersion = "1600"
   version = "1.3">
   <BuildAction
      parallelizeBuildables = "YES"
      buildImplicitDependencies = "YES">
      <BuildActionEntries>
         <BuildActionEntry
            buildForTesting = "YES"
            buildForRunning = "YES"
            buildForProfiling = "YES"
            buildForArchiving = "YES"
            buildForAnalyzing = "YES">
            <BuildableReference
               BuildableIdentifier = "primary"
               BlueprintIdentifier = "6B5637FF7B92F62752CA861A2D8D77D7"
               BuildableName = "Filicon.app"
               BlueprintName = "Filicon"
               ReferencedContainer = "container:Filicon.xcodeproj">
            </BuildableReference>
         </BuildActionEntry>
      </BuildActionEntries>
   </BuildAction>
   <TestAction
      buildConfiguration = "Debug"
      selectedDebuggerIdentifier = "Xcode.DebuggerFoundation.Debugger.LLDB"
      selectedLauncherIdentifier = "Xcode.DebuggerFoundation.Launcher.LLDB"
      shouldUseLaunchSchemeArgsEnv = "NO"
      debugXPCServices = "NO"
      testTimeoutsEnabled = "YES"
      defaultTestExecutionTimeAllowance = "30"
      maximumTestExecutionTimeAllowance = "60">
      <MacroExpansion>
         <BuildableReference
            BuildableIdentifier = "primary"
            BlueprintIdentifier = "6B5637FF7B92F62752CA861A2D8D77D7"
            BuildableName = "Filicon.app"
            BlueprintName = "Filicon"
            ReferencedContainer = "container:Filicon.xcodeproj">
         </BuildableReference>
      </MacroExpansion>
      <Testables>
         <TestableReference
            skipped = "NO">
            <BuildableReference
               BuildableIdentifier = "primary"
               BlueprintIdentifier = "2E3A1FA21871B31BB9A4C241AC871835"
               BuildableName = "FiliconXcodeTests.xctest"
               BlueprintName = "FiliconXcodeTests"
               ReferencedContainer = "container:Filicon.xcodeproj">
            </BuildableReference>
         </TestableReference>
      </Testables>
      <EnvironmentVariables>
         <EnvironmentVariable
            key = "FILICON_DATA_ROOT"
            value = "$(PROJECT_TEMP_DIR)/FiliconXcodeTestData"
            isEnabled = "YES">
         </EnvironmentVariable>
      </EnvironmentVariables>
   </TestAction>
   <LaunchAction
      buildConfiguration = "Debug"
      selectedDebuggerIdentifier = "Xcode.DebuggerFoundation.Debugger.LLDB"
      selectedLauncherIdentifier = "Xcode.DebuggerFoundation.Launcher.LLDB"
      launchStyle = "0"
      useCustomWorkingDirectory = "NO"
      ignoresPersistentStateOnLaunch = "NO"
      debugDocumentVersioning = "YES"
      debugServiceExtension = "internal"
      allowLocationSimulation = "YES"
      debugXPCServices = "NO">
      <BuildableProductRunnable
         runnableDebuggingMode = "0">
         <BuildableReference
            BuildableIdentifier = "primary"
            BlueprintIdentifier = "6B5637FF7B92F62752CA861A2D8D77D7"
            BuildableName = "Filicon.app"
            BlueprintName = "Filicon"
            ReferencedContainer = "container:Filicon.xcodeproj">
         </BuildableReference>
      </BuildableProductRunnable>
   </LaunchAction>
   <ProfileAction
      buildConfiguration = "Release"
      shouldUseLaunchSchemeArgsEnv = "YES"
      savedToolIdentifier = ""
      useCustomWorkingDirectory = "NO"
      debugDocumentVersioning = "YES">
      <BuildableProductRunnable
         runnableDebuggingMode = "0">
         <BuildableReference
            BuildableIdentifier = "primary"
            BlueprintIdentifier = "6B5637FF7B92F62752CA861A2D8D77D7"
            BuildableName = "Filicon.app"
            BlueprintName = "Filicon"
            ReferencedContainer = "container:Filicon.xcodeproj">
         </BuildableReference>
      </BuildableProductRunnable>
   </ProfileAction>
   <AnalyzeAction
      buildConfiguration = "Debug">
   </AnalyzeAction>
   <ArchiveAction
      buildConfiguration = "Release"
      revealArchiveInOrganizer = "YES">
   </ArchiveAction>
</Scheme>
